
Microsoft Visual Studio Solution File, Format Version 12.00
# Visual Studio Version 16
VisualStudioVersion = 16.0.30611.23
MinimumVisualStudioVersion = 10.0.40219.1
Project("{FAE04EC0-301F-11D3-BF4B-00C04F79EFBC}") = "Zadanie_04_Boguszewski_Dominik", "Zadanie_04_Boguszewski_Dominik.csproj", "{FB85C39B-8621-4C69-A7EB-D623E1E64F1A}"
EndProject
Global
	GlobalSection(SolutionConfigurationPlatforms) = preSolution
		Debug|Any CPU = Debug|Any CPU
		Release|Any CPU = Release|Any CPU
	EndGlobalSection
	GlobalSection(ProjectConfigurationPlatforms) = postSolution
		{FB85C39B-8621-4C69-A7EB-D623E1E64F1A}.Debug|Any CPU.ActiveCfg = Debug|Any CPU
		{FB85C39B-8621-4C69-A7EB-D623E1E64F1A}.Debug|Any CPU.Build.0 = Debug|Any CPU
		{FB85C39B-8621-4C69-A7EB-D623E1E64F1A}.Release|Any CPU.ActiveCfg = Release|Any CPU
		{FB85C39B-8621-4C69-A7EB-D623E1E64F1A}.Release|Any CPU.Build.0 = Release|Any CPU
	EndGlobalSection
	GlobalSection(SolutionProperties) = preSolution
		HideSolutionNode = FALSE
	EndGlobalSection
	GlobalSection(ExtensibilityGlobals) = postSolution
		SolutionGuid = {E7A75D45-63FB-4E17-AAF3-FA6E74BA10DE}
	EndGlobalSection
EndGlobal
